
Microsoft Visual Studio Solution File, Format Version 12.00
# Visual Studio Version 16
VisualStudioVersion = 16.0.31515.178
MinimumVisualStudioVersion = 10.0.40219.1
Project("{FAE04EC0-301F-11D3-BF4B-00C04F79EFBC}") = "1exercicio", "1exercicio\1exercicio.csproj", "{4555F35A-BA18-4088-BB72-6B5087B761A0}"
EndProject
Global
	GlobalSection(SolutionConfigurationPlatforms) = preSolution
		Debug|Any CPU = Debug|Any CPU
		Release|Any CPU = Release|Any CPU
	EndGlobalSection
	GlobalSection(ProjectConfigurationPlatforms) = postSolution
		{4555F35A-BA18-4088-BB72-6B5087B761A0}.Debug|Any CPU.ActiveCfg = Debug|Any CPU
		{4555F35A-BA18-4088-BB72-6B5087B761A0}.Debug|Any CPU.Build.0 = Debug|Any CPU
		{4555F35A-BA18-4088-BB72-6B5087B761A0}.Release|Any CPU.ActiveCfg = Release|Any CPU
		{4555F35A-BA18-4088-BB72-6B5087B761A0}.Release|Any CPU.Build.0 = Release|Any CPU
	EndGlobalSection
	GlobalSection(SolutionProperties) = preSolution
		HideSolutionNode = FALSE
	EndGlobalSection
	GlobalSection(ExtensibilityGlobals) = postSolution
		SolutionGuid = {D73A8AFB-BE75-4E1B-AE0A-F5F48A66DFD1}
	EndGlobalSection
EndGlobal
